{
  "version": 1,
  "dependencies": {
    "net9.0": {
      "StackExchange.Redis": {
        "type": "Direct",
        "requested": "[2.7.33, )",
        "resolved": "2.7.33",
        "contentHash": "2kCX5fvhEE824a4Ab5Imyi8DRuGuTxyklXV01kegkRpsWJcPmO6+GAQ+HegKxvXAxlXZ8yaRspvWJ8t3mMClfQ==",
        "dependencies": {
          "Microsoft.Extensions.Logging.Abstractions": "6.0.0",
          "Pipelines.Sockets.Unofficial": "2.2.8"
        }
      },
      "System.Text.Json": {
        "type": "Direct",
        "requested": "[9.0.0, )",
        "resolved": "9.0.0",
        "contentHash": "js7+qAu/9mQvnhA4EfGMZNEzXtJCDxgkgj8ohuxq/Qxv+R56G+ljefhiJHOxTNiw54q8vmABCWUwkMulNdlZ4A=="
      },
      "Tdg5.StandardConventions": {
        "type": "Direct",
        "requested": "[0.0.3, )",
        "resolved": "0.0.3",
        "contentHash": "/eOIYn4u4omxWQlxc5hdpBYDm6rdFsY//f1KOQMWeDzLyEVwVU5xCkIe5qlWJWdF4TC2mb/4r7fcTfKXhydvHg==",
        "dependencies": {
          "Microsoft.CodeAnalysis.CSharp.CodeStyle": "4.11.0",
          "StyleCop.Analyzers.Unstable": "1.2.0.556"
        }
      },
      "Microsoft.CodeAnalysis.CSharp.CodeStyle": {
        "type": "Transitive",
        "resolved": "4.11.0",
        "contentHash": "lcKLcYWr0vtRcGcmLs9WMilKT1DwoOaDIGvkuIX5t2exqVluHGCEBoE/R5zsoealJUDJb8BTu6ODPwpDb/JZug=="
      },
      "Microsoft.Extensions.Logging.Abstractions": {
        "type": "Transitive",
        "resolved": "6.0.0",
        "contentHash": "/HggWBbTwy8TgebGSX5DBZ24ndhzi93sHUBDvP1IxbZD7FDokYzdAr6+vbWGjw2XAfR2EJ1sfKUotpjHnFWPxA=="
      },
      "Pipelines.Sockets.Unofficial": {
        "type": "Transitive",
        "resolved": "2.2.8",
        "contentHash": "zG2FApP5zxSx6OcdJQLbZDk2AVlN2BNQD6MorwIfV6gVj0RRxWPEp2LXAxqDGZqeNV1Zp0BNPcNaey/GXmTdvQ==",
        "dependencies": {
          "System.IO.Pipelines": "5.0.1"
        }
      },
      "StyleCop.Analyzers.Unstable": {
        "type": "Transitive",
        "resolved": "1.2.0.556",
        "contentHash": "zvn9Mqs/ox/83cpYPignI8hJEM2A93s2HkHs8HYMOAQW0PkampyoErAiIyKxgTLqbbad29HX/shv/6LGSjPJNQ=="
      },
      "System.IO.Pipelines": {
        "type": "Transitive",
        "resolved": "5.0.1",
        "contentHash": "qEePWsaq9LoEEIqhbGe6D5J8c9IqQOUuTzzV6wn1POlfdLkJliZY3OlB0j0f17uMWlqZYjH7txj+2YbyrIA8Yg=="
      }
    }
  }
}